
Microsoft Visual Studio Solution File, Format Version 12.00
# Visual Studio 15
VisualStudioVersion = 15.0.26730.16
MinimumVisualStudioVersion = 10.0.40219.1
Project("{2150E333-8FDC-42A3-9474-1A3956D46DE8}") = "src", "src", "{9B4B60D0-B641-4AC6-8F1D-377344254D4D}"
EndProject
Project("{9A19103F-16F7-4668-BE54-9A1E7A4F7556}") = "ConsoleNetCoreService", "src\ConsoleNetCoreService\ConsoleNetCoreService.csproj", "{28185222-4046-4F4F-B74F-6A1D26EFFCF9}"
EndProject
Global
	GlobalSection(SolutionConfigurationPlatforms) = preSolution
		Debug|Any CPU = Debug|Any CPU
		Release|Any CPU = Release|Any CPU
	EndGlobalSection
	GlobalSection(ProjectConfigurationPlatforms) = postSolution
		{28185222-4046-4F4F-B74F-6A1D26EFFCF9}.Debug|Any CPU.ActiveCfg = Debug|Any CPU
		{28185222-4046-4F4F-B74F-6A1D26EFFCF9}.Debug|Any CPU.Build.0 = Debug|Any CPU
		{28185222-4046-4F4F-B74F-6A1D26EFFCF9}.Release|Any CPU.ActiveCfg = Release|Any CPU
		{28185222-4046-4F4F-B74F-6A1D26EFFCF9}.Release|Any CPU.Build.0 = Release|Any CPU
	EndGlobalSection
	GlobalSection(SolutionProperties) = preSolution
		HideSolutionNode = FALSE
	EndGlobalSection
	GlobalSection(NestedProjects) = preSolution
		{28185222-4046-4F4F-B74F-6A1D26EFFCF9} = {9B4B60D0-B641-4AC6-8F1D-377344254D4D}
	EndGlobalSection
	GlobalSection(ExtensibilityGlobals) = postSolution
		SolutionGuid = {1ACA2DCA-B963-4A3E-B0BD-E0BDCE7C4273}
	EndGlobalSection
EndGlobal
