
Microsoft Visual Studio Solution File, Format Version 12.00
# Visual Studio 15
VisualStudioVersion = 15.0.27428.2002
MinimumVisualStudioVersion = 10.0.40219.1
Project("{2150E333-8FDC-42A3-9474-1A3956D46DE8}") = "src", "src", "{C29D9013-1C1D-4CF2-8F6D-B81671C837A0}"
EndProject
Project("{9A19103F-16F7-4668-BE54-9A1E7A4F7556}") = "CServi", "src\CServi\CServi.csproj", "{C7CAB00B-8856-4007-A124-D78EDD1ED831}"
EndProject
Global
	GlobalSection(SolutionConfigurationPlatforms) = preSolution
		Debug|Any CPU = Debug|Any CPU
		Release|Any CPU = Release|Any CPU
	EndGlobalSection
	GlobalSection(ProjectConfigurationPlatforms) = postSolution
		{C7CAB00B-8856-4007-A124-D78EDD1ED831}.Debug|Any CPU.ActiveCfg = Debug|Any CPU
		{C7CAB00B-8856-4007-A124-D78EDD1ED831}.Debug|Any CPU.Build.0 = Debug|Any CPU
		{C7CAB00B-8856-4007-A124-D78EDD1ED831}.Release|Any CPU.ActiveCfg = Release|Any CPU
		{C7CAB00B-8856-4007-A124-D78EDD1ED831}.Release|Any CPU.Build.0 = Release|Any CPU
	EndGlobalSection
	GlobalSection(SolutionProperties) = preSolution
		HideSolutionNode = FALSE
	EndGlobalSection
	GlobalSection(NestedProjects) = preSolution
		{C7CAB00B-8856-4007-A124-D78EDD1ED831} = {C29D9013-1C1D-4CF2-8F6D-B81671C837A0}
	EndGlobalSection
	GlobalSection(ExtensibilityGlobals) = postSolution
		SolutionGuid = {4833018B-C4C0-49E4-83EE-E1533258670C}
	EndGlobalSection
EndGlobal
